# This file is autogenerated, do not edit; changes may be undone by the next 'dep ensure'.


[[projects]]
  branch = "master"
  name = "github.com/exmonitor/exclient"
  packages = [
    ".",
    "database",
    "database/dummydb",
    "database/multi",
    "database/spec/notification",
    "database/spec/service",
    "database/spec/status"
  ]
  revision = "c536779c7d6f36c4200cff0e5f09a324ed5faa20"

[[projects]]
  branch = "master"
  name = "github.com/exmonitor/exlogger"
  packages = ["."]
  revision = "a9f8a7a79c8e24ca9e206034c8bbaba9973445c8"

[[projects]]
  branch = "master"
  name = "github.com/exmonitor/firefly"
  packages = ["log"]
  revision = "6a37566a661c8f3b432a5b486870ae2db967d8d5"

[[projects]]
  name = "github.com/inconshreveable/mousetrap"
  packages = ["."]
  revision = "76626ae9c91c4f2a10f34cad8ce83ea42c93bb75"
  version = "v1.0"

[[projects]]
  name = "github.com/pkg/errors"
  packages = ["."]
  revision = "645ef00459ed84a119197bfb8d8205042c6df63d"
  version = "v0.8.0"

[[projects]]
  branch = "master"
  name = "github.com/sparrc/go-ping"
  packages = ["."]
  revision = "ef3ab45e41b017889941ea5bb796dd502d2b5a1b"

[[projects]]
  name = "github.com/spf13/cobra"
  packages = ["."]
  revision = "ef82de70bb3f60c65fb8eebacbb2d122ef517385"
  version = "v0.0.3"

[[projects]]
  name = "github.com/spf13/pflag"
  packages = ["."]
  revision = "298182f68c66c05229eb03ac171abe6e309ee79a"
  version = "v1.0.3"

[[projects]]
  branch = "master"
  name = "golang.org/x/net"
  packages = [
    "bpf",
    "icmp",
    "internal/iana",
    "internal/socket",
    "ipv4",
    "ipv6"
  ]
  revision = "927f97764cc334a6575f4b7a1584a147864d5723"

[solve-meta]
  analyzer-name = "dep"
  analyzer-version = 1
  inputs-digest = "4da80c41c4d17201fff95281d0e299e429336f54eeab565943ccee5b2660427c"
  solver-name = "gps-cdcl"
  solver-version = 1
